
Microsoft Visual Studio Solution File, Format Version 12.00
# Visual Studio 14
VisualStudioVersion = 14.0.25420.1
MinimumVisualStudioVersion = 10.0.40219.1
Project("{FAE04EC0-301F-11D3-BF4B-00C04F79EFBC}") = "SolarhotwaterprojectAPI", "SolarhotwaterprojectAPI\SolarhotwaterprojectAPI.csproj", "{E50D638A-8AF9-4EB3-99E4-7C53585EF9C8}"
EndProject
Project("{FAE04EC0-301F-11D3-BF4B-00C04F79EFBC}") = "SolarhotwaterprojectDAL", "SolarhotwaterprojectDAL\SolarhotwaterprojectDAL.csproj", "{731A3D5A-53A2-4BA9-91E2-5EA00BD9E2BC}"
EndProject
Project("{FAE04EC0-301F-11D3-BF4B-00C04F79EFBC}") = "SolarhotwaterprojectModel", "SolarhotwaterprojectModel\SolarhotwaterprojectModel.csproj", "{062CFEBA-CA1C-44E5-B5F1-FF3E984DE090}"
EndProject
Global
	GlobalSection(SolutionConfigurationPlatforms) = preSolution
		Debug|Any CPU = Debug|Any CPU
		Release|Any CPU = Release|Any CPU
	EndGlobalSection
	GlobalSection(ProjectConfigurationPlatforms) = postSolution
		{E50D638A-8AF9-4EB3-99E4-7C53585EF9C8}.Debug|Any CPU.ActiveCfg = Debug|Any CPU
		{E50D638A-8AF9-4EB3-99E4-7C53585EF9C8}.Debug|Any CPU.Build.0 = Debug|Any CPU
		{E50D638A-8AF9-4EB3-99E4-7C53585EF9C8}.Release|Any CPU.ActiveCfg = Release|Any CPU
		{E50D638A-8AF9-4EB3-99E4-7C53585EF9C8}.Release|Any CPU.Build.0 = Release|Any CPU
		{731A3D5A-53A2-4BA9-91E2-5EA00BD9E2BC}.Debug|Any CPU.ActiveCfg = Debug|Any CPU
		{731A3D5A-53A2-4BA9-91E2-5EA00BD9E2BC}.Debug|Any CPU.Build.0 = Debug|Any CPU
		{731A3D5A-53A2-4BA9-91E2-5EA00BD9E2BC}.Release|Any CPU.ActiveCfg = Release|Any CPU
		{731A3D5A-53A2-4BA9-91E2-5EA00BD9E2BC}.Release|Any CPU.Build.0 = Release|Any CPU
		{062CFEBA-CA1C-44E5-B5F1-FF3E984DE090}.Debug|Any CPU.ActiveCfg = Debug|Any CPU
		{062CFEBA-CA1C-44E5-B5F1-FF3E984DE090}.Debug|Any CPU.Build.0 = Debug|Any CPU
		{062CFEBA-CA1C-44E5-B5F1-FF3E984DE090}.Release|Any CPU.ActiveCfg = Release|Any CPU
		{062CFEBA-CA1C-44E5-B5F1-FF3E984DE090}.Release|Any CPU.Build.0 = Release|Any CPU
	EndGlobalSection
	GlobalSection(SolutionProperties) = preSolution
		HideSolutionNode = FALSE
	EndGlobalSection
EndGlobal
